
Microsoft Visual Studio Solution File, Format Version 12.00
# Visual Studio 2012
Project("{FAE04EC0-301F-11D3-BF4B-00C04F79EFBC}") = "PictureViewerWithFade", "PictureViewerWithFade\PictureViewerWithFade.csproj", "{ED080D57-21BF-4B46-9957-30BFA3751911}"
EndProject
Global
	GlobalSection(SolutionConfigurationPlatforms) = preSolution
		Debug|Any CPU = Debug|Any CPU
		Release|Any CPU = Release|Any CPU
	EndGlobalSection
	GlobalSection(ProjectConfigurationPlatforms) = postSolution
		{ED080D57-21BF-4B46-9957-30BFA3751911}.Debug|Any CPU.ActiveCfg = Debug|Any CPU
		{ED080D57-21BF-4B46-9957-30BFA3751911}.Debug|Any CPU.Build.0 = Debug|Any CPU
		{ED080D57-21BF-4B46-9957-30BFA3751911}.Release|Any CPU.ActiveCfg = Release|Any CPU
		{ED080D57-21BF-4B46-9957-30BFA3751911}.Release|Any CPU.Build.0 = Release|Any CPU
	EndGlobalSection
EndGlobal
